// !$*UTF8*$!
{
	archiveVersion = 1;
	classes = {
	};
	objectVersion = 55;
	objects = {

/* Begin PBXBuildFile section */
		2CEA0E4F278E1EC6001B7C31 /* RandomQuotesAndImagesApp.swift in Sources */ = {isa = PBXBuildFile; fileRef = 2CEA0E4E278E1EC6001B7C31 /* RandomQuotesAndImagesApp.swift */; };
		2CEA0E51278E1EC6001B7C31 /* ContentView.swift in Sources */ = {isa = PBXBuildFile; fileRef = 2CEA0E50278E1EC6001B7C31 /* ContentView.swift */; };
		2CEA0E53278E1ECF001B7C31 /* Assets.xcassets in Resources */ = {isa = PBXBuildFile; fileRef = 2CEA0E52278E1ECF001B7C31 /* Assets.xcassets */; };
		2CEA0E56278E1ECF001B7C31 /* Preview Assets.xcassets in Resources */ = {isa = PBXBuildFile; fileRef = 2CEA0E55278E1ECF001B7C31 /* Preview Assets.xcassets */; };
		2CEA0E60278E1ECF001B7C31 /* RandomQuotesAndImagesTests.swift in Sources */ = {isa = PBXBuildFile; fileRef = 2CEA0E5F278E1ECF001B7C31 /* RandomQuotesAndImagesTests.swift */; };
		2CEA0E6A278E1ED0001B7C31 /* RandomQuotesAndImagesUITests.swift in Sources */ = {isa = PBXBuildFile; fileRef = 2CEA0E69278E1ED0001B7C31 /* RandomQuotesAndImagesUITests.swift */; };
		2CEA0E6C278E1ED0001B7C31 /* RandomQuotesAndImagesUITestsLaunchTests.swift in Sources */ = {isa = PBXBuildFile; fileRef = 2CEA0E6B278E1ED0001B7C31 /* RandomQuotesAndImagesUITestsLaunchTests.swift */; };
		2CEA0E7C278E1FDF001B7C31 /* RandomImage.swift in Sources */ = {isa = PBXBuildFile; fileRef = 2CEA0E7B278E1FDF001B7C31 /* RandomImage.swift */; };
		2CEA0E7E278E204F001B7C31 /* Webservice.swift in Sources */ = {isa = PBXBuildFile; fileRef = 2CEA0E7D278E204F001B7C31 /* Webservice.swift */; };
		2CEA0E81278E2303001B7C31 /* Constants.swift in Sources */ = {isa = PBXBuildFile; fileRef = 2CEA0E80278E2303001B7C31 /* Constants.swift */; };
/* End PBXBuildFile section */

/* Begin PBXContainerItemProxy section */
		2CEA0E5C278E1ECF001B7C31 /* PBXContainerItemProxy */ = {
			isa = PBXContainerItemProxy;
			containerPortal = 2CEA0E43278E1EC5001B7C31 /* Project object */;
			proxyType = 1;
			remoteGlobalIDString = 2CEA0E4A278E1EC5001B7C31;
			remoteInfo = RandomQuotesAndImages;
		};
		2CEA0E66278E1ED0001B7C31 /* PBXContainerItemProxy */ = {
			isa = PBXContainerItemProxy;
			containerPortal = 2CEA0E43278E1EC5001B7C31 /* Project object */;
			proxyType = 1;
			remoteGlobalIDString = 2CEA0E4A278E1EC5001B7C31;
			remoteInfo = RandomQuotesAndImages;
		};
/* End PBXContainerItemProxy section */

/* Begin PBXFileReference section */
		2CEA0E4B278E1EC6001B7C31 /* RandomQuotesAndImages.app */ = {isa = PBXFileReference; explicitFileType = wrapper.application; includeInIndex = 0; path = RandomQuotesAndImages.app; sourceTree = BUILT_PRODUCTS_DIR; };
		2CEA0E4E278E1EC6001B7C31 /* RandomQuotesAndImagesApp.swift */ = {isa = PBXFileReference; lastKnownFileType = sourcecode.swift; path = RandomQuotesAndImagesApp.swift; sourceTree = "<group>"; };
		2CEA0E50278E1EC6001B7C31 /* ContentView.swift */ = {isa = PBXFileReference; lastKnownFileType = sourcecode.swift; path = ContentView.swift; sourceTree = "<group>"; };
		2CEA0E52278E1ECF001B7C31 /* Assets.xcassets */ = {isa = PBXFileReference; lastKnownFileType = folder.assetcatalog; path = Assets.xcassets; sourceTree = "<group>"; };
		2CEA0E55278E1ECF001B7C31 /* Preview Assets.xcassets */ = {isa = PBXFileReference; lastKnownFileType = folder.assetcatalog; path = "Preview Assets.xcassets"; sourceTree = "<group>"; };
		2CEA0E5B278E1ECF001B7C31 /* RandomQuotesAndImagesTests.xctest */ = {isa = PBXFileReference; explicitFileType = wrapper.cfbundle; includeInIndex = 0; path = RandomQuotesAndImagesTests.xctest; sourceTree = BUILT_PRODUCTS_DIR; };
		2CEA0E5F278E1ECF001B7C31 /* RandomQuotesAndImagesTests.swift */ = {isa = PBXFileReference; lastKnownFileType = sourcecode.swift; path = RandomQuotesAndImagesTests.swift; sourceTree = "<group>"; };
		2CEA0E65278E1ED0001B7C31 /* RandomQuotesAndImagesUITests.xctest */ = {isa = PBXFileReference; explicitFileType = wrapper.cfbundle; includeInIndex = 0; path = RandomQuotesAndImagesUITests.xctest; sourceTree = BUILT_PRODUCTS_DIR; };
		2CEA0E69278E1ED0001B7C31 /* RandomQuotesAndImagesUITests.swift */ = {isa = PBXFileReference; lastKnownFileType = sourcecode.swift; path = RandomQuotesAndImagesUITests.swift; sourceTree = "<group>"; };
		2CEA0E6B278E1ED0001B7C31 /* RandomQuotesAndImagesUITestsLaunchTests.swift */ = {isa = PBXFileReference; lastKnownFileType = sourcecode.swift; path = RandomQuotesAndImagesUITestsLaunchTests.swift; sourceTree = "<group>"; };
		2CEA0E7B278E1FDF001B7C31 /* RandomImage.swift */ = {isa = PBXFileReference; lastKnownFileType = sourcecode.swift; path = RandomImage.swift; sourceTree = "<group>"; };
		2CEA0E7D278E204F001B7C31 /* Webservice.swift */ = {isa = PBXFileReference; lastKnownFileType = sourcecode.swift; path = Webservice.swift; sourceTree = "<group>"; };
		2CEA0E80278E2303001B7C31 /* Constants.swift */ = {isa = PBXFileReference; lastKnownFileType = sourcecode.swift; path = Constants.swift; sourceTree = "<group>"; };
/* End PBXFileReference section */

/* Begin PBXFrameworksBuildPhase section */
		2CEA0E48278E1EC5001B7C31 /* Frameworks */ = {
			isa = PBXFrameworksBuildPhase;
			buildActionMask = 2147483647;
			files = (
			);
			runOnlyForDeploymentPostprocessing = 0;
		};
		2CEA0E58278E1ECF001B7C31 /* Frameworks */ = {
			isa = PBXFrameworksBuildPhase;
			buildActionMask = 2147483647;
			files = (
			);
			runOnlyForDeploymentPostprocessing = 0;
		};
		2CEA0E62278E1ED0001B7C31 /* Frameworks */ = {
			isa = PBXFrameworksBuildPhase;
			buildActionMask = 2147483647;
			files = (
			);
			runOnlyForDeploymentPostprocessing = 0;
		};
/* End PBXFrameworksBuildPhase section */

/* Begin PBXGroup section */
		2CEA0E42278E1EC5001B7C31 = {
			isa = PBXGroup;
			children = (
				2CEA0E4D278E1EC6001B7C31 /* RandomQuotesAndImages */,
				2CEA0E5E278E1ECF001B7C31 /* RandomQuotesAndImagesTests */,
				2CEA0E68278E1ED0001B7C31 /* RandomQuotesAndImagesUITests */,
				2CEA0E4C278E1EC6001B7C31 /* Products */,
			);
			sourceTree = "<group>";
		};
		2CEA0E4C278E1EC6001B7C31 /* Products */ = {
			isa = PBXGroup;
			children = (
				2CEA0E4B278E1EC6001B7C31 /* RandomQuotesAndImages.app */,
				2CEA0E5B278E1ECF001B7C31 /* RandomQuotesAndImagesTests.xctest */,
				2CEA0E65278E1ED0001B7C31 /* RandomQuotesAndImagesUITests.xctest */,
			);
			name = Products;
			sourceTree = "<group>";
		};
		2CEA0E4D278E1EC6001B7C31 /* RandomQuotesAndImages */ = {
			isa = PBXGroup;
			children = (
				2CEA0E7F278E22F2001B7C31 /* Utils */,
				2CEA0E78278E1F55001B7C31 /* ViewModel */,
				2CEA0E79278E1F85001B7C31 /* Model */,
				2CEA0E7A278E1FA1001B7C31 /* Service */,
				2CEA0E4E278E1EC6001B7C31 /* RandomQuotesAndImagesApp.swift */,
				2CEA0E50278E1EC6001B7C31 /* ContentView.swift */,
				2CEA0E52278E1ECF001B7C31 /* Assets.xcassets */,
				2CEA0E54278E1ECF001B7C31 /* Preview Content */,
			);
			path = RandomQuotesAndImages;
			sourceTree = "<group>";
		};
		2CEA0E54278E1ECF001B7C31 /* Preview Content */ = {
			isa = PBXGroup;
			children = (
				2CEA0E55278E1ECF001B7C31 /* Preview Assets.xcassets */,
			);
			path = "Preview Content";
			sourceTree = "<group>";
		};
		2CEA0E5E278E1ECF001B7C31 /* RandomQuotesAndImagesTests */ = {
			isa = PBXGroup;
			children = (
				2CEA0E5F278E1ECF001B7C31 /* RandomQuotesAndImagesTests.swift */,
			);
			path = RandomQuotesAndImagesTests;
			sourceTree = "<group>";
		};
		2CEA0E68278E1ED0001B7C31 /* RandomQuotesAndImagesUITests */ = {
			isa = PBXGroup;
			children = (
				2CEA0E69278E1ED0001B7C31 /* RandomQuotesAndImagesUITests.swift */,
				2CEA0E6B278E1ED0001B7C31 /* RandomQuotesAndImagesUITestsLaunchTests.swift */,
			);
			path = RandomQuotesAndImagesUITests;
			sourceTree = "<group>";
		};
		2CEA0E78278E1F55001B7C31 /* ViewModel */ = {
			isa = PBXGroup;
			children = (
			);
			path = ViewModel;
			sourceTree = "<group>";
		};
		2CEA0E79278E1F85001B7C31 /* Model */ = {
			isa = PBXGroup;
			children = (
				2CEA0E7B278E1FDF001B7C31 /* RandomImage.swift */,
			);
			path = Model;
			sourceTree = "<group>";
		};
		2CEA0E7A278E1FA1001B7C31 /* Service */ = {
			isa = PBXGroup;
			children = (
				2CEA0E7D278E204F001B7C31 /* Webservice.swift */,
			);
			path = Service;
			sourceTree = "<group>";
		};
		2CEA0E7F278E22F2001B7C31 /* Utils */ = {
			isa = PBXGroup;
			children = (
				2CEA0E80278E2303001B7C31 /* Constants.swift */,
			);
			path = Utils;
			sourceTree = "<group>";
		};
/* End PBXGroup section */

/* Begin PBXNativeTarget section */
		2CEA0E4A278E1EC5001B7C31 /* RandomQuotesAndImages */ = {
			isa = PBXNativeTarget;
			buildConfigurationList = 2CEA0E6F278E1ED0001B7C31 /* Build configuration list for PBXNativeTarget "RandomQuotesAndImages" */;
			buildPhases = (
				2CEA0E47278E1EC5001B7C31 /* Sources */,
				2CEA0E48278E1EC5001B7C31 /* Frameworks */,
				2CEA0E49278E1EC5001B7C31 /* Resources */,
			);
			buildRules = (
			);
			dependencies = (
			);
			name = RandomQuotesAndImages;
			productName = RandomQuotesAndImages;
			productReference = 2CEA0E4B278E1EC6001B7C31 /* RandomQuotesAndImages.app */;
			productType = "com.apple.product-type.application";
		};
		2CEA0E5A278E1ECF001B7C31 /* RandomQuotesAndImagesTests */ = {
			isa = PBXNativeTarget;
			buildConfigurationList = 2CEA0E72278E1ED0001B7C31 /* Build configuration list for PBXNativeTarget "RandomQuotesAndImagesTests" */;
			buildPhases = (
				2CEA0E57278E1ECF001B7C31 /* Sources */,
				2CEA0E58278E1ECF001B7C31 /* Frameworks */,
				2CEA0E59278E1ECF001B7C31 /* Resources */,
			);
			buildRules = (
			);
			dependencies = (
				2CEA0E5D278E1ECF001B7C31 /* PBXTargetDependency */,
			);
			name = RandomQuotesAndImagesTests;
			productName = RandomQuotesAndImagesTests;
			productReference = 2CEA0E5B278E1ECF001B7C31 /* RandomQuotesAndImagesTests.xctest */;
			productType = "com.apple.product-type.bundle.unit-test";
		};
		2CEA0E64278E1ED0001B7C31 /* RandomQuotesAndImagesUITests */ = {
			isa = PBXNativeTarget;
			buildConfigurationList = 2CEA0E75278E1ED0001B7C31 /* Build configuration list for PBXNativeTarget "RandomQuotesAndImagesUITests" */;
			buildPhases = (
				2CEA0E61278E1ED0001B7C31 /* Sources */,
				2CEA0E62278E1ED0001B7C31 /* Frameworks */,
				2CEA0E63278E1ED0001B7C31 /* Resources */,
			);
			buildRules = (
			);
			dependencies = (
				2CEA0E67278E1ED0001B7C31 /* PBXTargetDependency */,
			);
			name = RandomQuotesAndImagesUITests;
			productName = RandomQuotesAndImagesUITests;
			productReference = 2CEA0E65278E1ED0001B7C31 /* RandomQuotesAndImagesUITests.xctest */;
			productType = "com.apple.product-type.bundle.ui-testing";
		};
/* End PBXNativeTarget section */

/* Begin PBXProject section */
		2CEA0E43278E1EC5001B7C31 /* Project object */ = {
			isa = PBXProject;
			attributes = {
				BuildIndependentTargetsInParallel = 1;
				LastSwiftUpdateCheck = 1320;
				LastUpgradeCheck = 1320;
				TargetAttributes = {
					2CEA0E4A278E1EC5001B7C31 = {
						CreatedOnToolsVersion = 13.2.1;
					};
					2CEA0E5A278E1ECF001B7C31 = {
						CreatedOnToolsVersion = 13.2.1;
						TestTargetID = 2CEA0E4A278E1EC5001B7C31;
					};
					2CEA0E64278E1ED0001B7C31 = {
						CreatedOnToolsVersion = 13.2.1;
						TestTargetID = 2CEA0E4A278E1EC5001B7C31;
					};
				};
			};
			buildConfigurationList = 2CEA0E46278E1EC5001B7C31 /* Build configuration list for PBXProject "RandomQuotesAndImages" */;
			compatibilityVersion = "Xcode 13.0";
			developmentRegion = en;
			hasScannedForEncodings = 0;
			knownRegions = (
				en,
				Base,
			);
			mainGroup = 2CEA0E42278E1EC5001B7C31;
			productRefGroup = 2CEA0E4C278E1EC6001B7C31 /* Products */;
			projectDirPath = "";
			projectRoot = "";
			targets = (
				2CEA0E4A278E1EC5001B7C31 /* RandomQuotesAndImages */,
				2CEA0E5A278E1ECF001B7C31 /* RandomQuotesAndImagesTests */,
				2CEA0E64278E1ED0001B7C31 /* RandomQuotesAndImagesUITests */,
			);
		};
/* End PBXProject section */

/* Begin PBXResourcesBuildPhase section */
		2CEA0E49278E1EC5001B7C31 /* Resources */ = {
			isa = PBXResourcesBuildPhase;
			buildActionMask = 2147483647;
			files = (
				2CEA0E56278E1ECF001B7C31 /* Preview Assets.xcassets in Resources */,
				2CEA0E53278E1ECF001B7C31 /* Assets.xcassets in Resources */,
			);
			runOnlyForDeploymentPostprocessing = 0;
		};
		2CEA0E59278E1ECF001B7C31 /* Resources */ = {
			isa = PBXResourcesBuildPhase;
			buildActionMask = 2147483647;
			files = (
			);
			runOnlyForDeploymentPostprocessing = 0;
		};
		2CEA0E63278E1ED0001B7C31 /* Resources */ = {
			isa = PBXResourcesBuildPhase;
			buildActionMask = 2147483647;
			files = (
			);
			runOnlyForDeploymentPostprocessing = 0;
		};
/* End PBXResourcesBuildPhase section */

/* Begin PBXSourcesBuildPhase section */
		2CEA0E47278E1EC5001B7C31 /* Sources */ = {
			isa = PBXSourcesBuildPhase;
			buildActionMask = 2147483647;
			files = (
				2CEA0E81278E2303001B7C31 /* Constants.swift in Sources */,
				2CEA0E51278E1EC6001B7C31 /* ContentView.swift in Sources */,
				2CEA0E7C278E1FDF001B7C31 /* RandomImage.swift in Sources */,
				2CEA0E7E278E204F001B7C31 /* Webservice.swift in Sources */,
				2CEA0E4F278E1EC6001B7C31 /* RandomQuotesAndImagesApp.swift in Sources */,
			);
			runOnlyForDeploymentPostprocessing = 0;
		};
		2CEA0E57278E1ECF001B7C31 /* Sources */ = {
			isa = PBXSourcesBuildPhase;
			buildActionMask = 2147483647;
			files = (
				2CEA0E60278E1ECF001B7C31 /* RandomQuotesAndImagesTests.swift in Sources */,
			);
			runOnlyForDeploymentPostprocessing = 0;
		};
		2CEA0E61278E1ED0001B7C31 /* Sources */ = {
			isa = PBXSourcesBuildPhase;
			buildActionMask = 2147483647;
			files = (
				2CEA0E6C278E1ED0001B7C31 /* RandomQuotesAndImagesUITestsLaunchTests.swift in Sources */,
				2CEA0E6A278E1ED0001B7C31 /* RandomQuotesAndImagesUITests.swift in Sources */,
			);
			runOnlyForDeploymentPostprocessing = 0;
		};
/* End PBXSourcesBuildPhase section */

/* Begin PBXTargetDependency section */
		2CEA0E5D278E1ECF001B7C31 /* PBXTargetDependency */ = {
			isa = PBXTargetDependency;
			target = 2CEA0E4A278E1EC5001B7C31 /* RandomQuotesAndImages */;
			targetProxy = 2CEA0E5C278E1ECF001B7C31 /* PBXContainerItemProxy */;
		};
		2CEA0E67278E1ED0001B7C31 /* PBXTargetDependency */ = {
			isa = PBXTargetDependency;
			target = 2CEA0E4A278E1EC5001B7C31 /* RandomQuotesAndImages */;
			targetProxy = 2CEA0E66278E1ED0001B7C31 /* PBXContainerItemProxy */;
		};
/* End PBXTargetDependency section */

/* Begin XCBuildConfiguration section */
		2CEA0E6D278E1ED0001B7C31 /* Debug */ = {
			isa = XCBuildConfiguration;
			buildSettings = {
				ALWAYS_SEARCH_USER_PATHS = NO;
				CLANG_ANALYZER_NONNULL = YES;
				CLANG_ANALYZER_NUMBER_OBJECT_CONVERSION = YES_AGGRESSIVE;
				CLANG_CXX_LANGUAGE_STANDARD = "gnu++17";
				CLANG_CXX_LIBRARY = "libc++";
				CLANG_ENABLE_MODULES = YES;
				CLANG_ENABLE_OBJC_ARC = YES;
				CLANG_ENABLE_OBJC_WEAK = YES;
				CLANG_WARN_BLOCK_CAPTURE_AUTORELEASING = YES;
				CLANG_WARN_BOOL_CONVERSION = YES;
				CLANG_WARN_COMMA = YES;
				CLANG_WARN_CONSTANT_CONVERSION = YES;
				CLANG_WARN_DEPRECATED_OBJC_IMPLEMENTATIONS = YES;
				CLANG_WARN_DIRECT_OBJC_ISA_USAGE = YES_ERROR;
				CLANG_WARN_DOCUMENTATION_COMMENTS = YES;
				CLANG_WARN_EMPTY_BODY = YES;
				CLANG_WARN_ENUM_CONVERSION = YES;
				CLANG_WARN_INFINITE_RECURSION = YES;
				CLANG_WARN_INT_CONVERSION = YES;
				CLANG_WARN_NON_LITERAL_NULL_CONVERSION = YES;
				CLANG_WARN_OBJC_IMPLICIT_RETAIN_SELF = YES;
				CLANG_WARN_OBJC_LITERAL_CONVERSION = YES;
				CLANG_WARN_OBJC_ROOT_CLASS = YES_ERROR;
				CLANG_WARN_QUOTED_INCLUDE_IN_FRAMEWORK_HEADER = YES;
				CLANG_WARN_RANGE_LOOP_ANALYSIS = YES;
				CLANG_WARN_STRICT_PROTOTYPES = YES;
				CLANG_WARN_SUSPICIOUS_MOVE = YES;
				CLANG_WARN_UNGUARDED_AVAILABILITY = YES_AGGRESSIVE;
				CLANG_WARN_UNREACHABLE_CODE = YES;
				CLANG_WARN__DUPLICATE_METHOD_MATCH = YES;
				COPY_PHASE_STRIP = NO;
				DEBUG_INFORMATION_FORMAT = dwarf;
				ENABLE_STRICT_OBJC_MSGSEND = YES;
				ENABLE_TESTABILITY = YES;
				GCC_C_LANGUAGE_STANDARD = gnu11;
				GCC_DYNAMIC_NO_PIC = NO;
				GCC_NO_COMMON_BLOCKS = YES;
				GCC_OPTIMIZATION_LEVEL = 0;
				GCC_PREPROCESSOR_DEFINITIONS = (
					"DEBUG=1",
					"$(inherited)",
				);
				GCC_WARN_64_TO_32_BIT_CONVERSION = YES;
				GCC_WARN_ABOUT_RETURN_TYPE = YES_ERROR;
				GCC_WARN_UNDECLARED_SELECTOR = YES;
				GCC_WARN_UNINITIALIZED_AUTOS = YES_AGGRESSIVE;
				GCC_WARN_UNUSED_FUNCTION = YES;
				GCC_WARN_UNUSED_VARIABLE = YES;
				IPHONEOS_DEPLOYMENT_TARGET = 15.2;
				MTL_ENABLE_DEBUG_INFO = INCLUDE_SOURCE;
				MTL_FAST_MATH = YES;
				ONLY_ACTIVE_ARCH = YES;
				SDKROOT = iphoneos;
				SWIFT_ACTIVE_COMPILATION_CONDITIONS = DEBUG;
				SWIFT_OPTIMIZATION_LEVEL = "-Onone";
			};
			name = Debug;
		};
		2CEA0E6E278E1ED0001B7C31 /* Release */ = {
			isa = XCBuildConfiguration;
			buildSettings = {
				ALWAYS_SEARCH_USER_PATHS = NO;
				CLANG_ANALYZER_NONNULL = YES;
				CLANG_ANALYZER_NUMBER_OBJECT_CONVERSION = YES_AGGRESSIVE;
				CLANG_CXX_LANGUAGE_STANDARD = "gnu++17";
				CLANG_CXX_LIBRARY = "libc++";
				CLANG_ENABLE_MODULES = YES;
				CLANG_ENABLE_OBJC_ARC = YES;
				CLANG_ENABLE_OBJC_WEAK = YES;
				CLANG_WARN_BLOCK_CAPTURE_AUTORELEASING = YES;
				CLANG_WARN_BOOL_CONVERSION = YES;
				CLANG_WARN_COMMA = YES;
				CLANG_WARN_CONSTANT_CONVERSION = YES;
				CLANG_WARN_DEPRECATED_OBJC_IMPLEMENTATIONS = YES;
				CLANG_WARN_DIRECT_OBJC_ISA_USAGE = YES_ERROR;
				CLANG_WARN_DOCUMENTATION_COMMENTS = YES;
				CLANG_WARN_EMPTY_BODY = YES;
				CLANG_WARN_ENUM_CONVERSION = YES;
				CLANG_WARN_INFINITE_RECURSION = YES;
				CLANG_WARN_INT_CONVERSION = YES;
				CLANG_WARN_NON_LITERAL_NULL_CONVERSION = YES;
				CLANG_WARN_OBJC_IMPLICIT_RETAIN_SELF = YES;
				CLANG_WARN_OBJC_LITERAL_CONVERSION = YES;
				CLANG_WARN_OBJC_ROOT_CLASS = YES_ERROR;
				CLANG_WARN_QUOTED_INCLUDE_IN_FRAMEWORK_HEADER = YES;
				CLANG_WARN_RANGE_LOOP_ANALYSIS = YES;
				CLANG_WARN_STRICT_PROTOTYPES = YES;
				CLANG_WARN_SUSPICIOUS_MOVE = YES;
				CLANG_WARN_UNGUARDED_AVAILABILITY = YES_AGGRESSIVE;
				CLANG_WARN_UNREACHABLE_CODE = YES;
				CLANG_WARN__DUPLICATE_METHOD_MATCH = YES;
				COPY_PHASE_STRIP = NO;
				DEBUG_INFORMATION_FORMAT = "dwarf-with-dsym";
				ENABLE_NS_ASSERTIONS = NO;
				ENABLE_STRICT_OBJC_MSGSEND = YES;
				GCC_C_LANGUAGE_STANDARD = gnu11;
				GCC_NO_COMMON_BLOCKS = YES;
				GCC_WARN_64_TO_32_BIT_CONVERSION = YES;
				GCC_WARN_ABOUT_RETURN_TYPE = YES_ERROR;
				GCC_WARN_UNDECLARED_SELECTOR = YES;
				GCC_WARN_UNINITIALIZED_AUTOS = YES_AGGRESSIVE;
				GCC_WARN_UNUSED_FUNCTION = YES;
				GCC_WARN_UNUSED_VARIABLE = YES;
				IPHONEOS_DEPLOYMENT_TARGET = 15.2;
				MTL_ENABLE_DEBUG_INFO = NO;
				MTL_FAST_MATH = YES;
				SDKROOT = iphoneos;
				SWIFT_COMPILATION_MODE = wholemodule;
				SWIFT_OPTIMIZATION_LEVEL = "-O";
				VALIDATE_PRODUCT = YES;
			};
			name = Release;
		};
		2CEA0E70278E1ED0001B7C31 /* Debug */ = {
			isa = XCBuildConfiguration;
			buildSettings = {
				ASSETCATALOG_COMPILER_APPICON_NAME = AppIcon;
				ASSETCATALOG_COMPILER_GLOBAL_ACCENT_COLOR_NAME = AccentColor;
				CODE_SIGN_STYLE = Automatic;
				CURRENT_PROJECT_VERSION = 1;
				DEVELOPMENT_ASSET_PATHS = "\"RandomQuotesAndImages/Preview Content\"";
				DEVELOPMENT_TEAM = SZEYA5PL8C;
				ENABLE_PREVIEWS = YES;
				GENERATE_INFOPLIST_FILE = YES;
				INFOPLIST_KEY_UIApplicationSceneManifest_Generation = YES;
				INFOPLIST_KEY_UIApplicationSupportsIndirectInputEvents = YES;
				INFOPLIST_KEY_UILaunchScreen_Generation = YES;
				INFOPLIST_KEY_UISupportedInterfaceOrientations_iPad = "UIInterfaceOrientationPortrait UIInterfaceOrientationPortraitUpsideDown UIInterfaceOrientationLandscapeLeft UIInterfaceOrientationLandscapeRight";
				INFOPLIST_KEY_UISupportedInterfaceOrientations_iPhone = "UIInterfaceOrientationPortrait UIInterfaceOrientationLandscapeLeft UIInterfaceOrientationLandscapeRight";
				LD_RUNPATH_SEARCH_PATHS = (
					"$(inherited)",
					"@executable_path/Frameworks",
				);
				MARKETING_VERSION = 1.0;
				PRODUCT_BUNDLE_IDENTIFIER = creationrage.RandomQuotesAndImages;
				PRODUCT_NAME = "$(TARGET_NAME)";
				SWIFT_EMIT_LOC_STRINGS = YES;
				SWIFT_VERSION = 5.0;
				TARGETED_DEVICE_FAMILY = "1,2";
			};
			name = Debug;
		};
		2CEA0E71278E1ED0001B7C31 /* Release */ = {
			isa = XCBuildConfiguration;
			buildSettings = {
				ASSETCATALOG_COMPILER_APPICON_NAME = AppIcon;
				ASSETCATALOG_COMPILER_GLOBAL_ACCENT_COLOR_NAME = AccentColor;
				CODE_SIGN_STYLE = Automatic;
				CURRENT_PROJECT_VERSION = 1;
				DEVELOPMENT_ASSET_PATHS = "\"RandomQuotesAndImages/Preview Content\"";
				DEVELOPMENT_TEAM = SZEYA5PL8C;
				ENABLE_PREVIEWS = YES;
				GENERATE_INFOPLIST_FILE = YES;
				INFOPLIST_KEY_UIApplicationSceneManifest_Generation = YES;
				INFOPLIST_KEY_UIApplicationSupportsIndirectInputEvents = YES;
				INFOPLIST_KEY_UILaunchScreen_Generation = YES;
				INFOPLIST_KEY_UISupportedInterfaceOrientations_iPad = "UIInterfaceOrientationPortrait UIInterfaceOrientationPortraitUpsideDown UIInterfaceOrientationLandscapeLeft UIInterfaceOrientationLandscapeRight";
				INFOPLIST_KEY_UISupportedInterfaceOrientations_iPhone = "UIInterfaceOrientationPortrait UIInterfaceOrientationLandscapeLeft UIInterfaceOrientationLandscapeRight";
				LD_RUNPATH_SEARCH_PATHS = (
					"$(inherited)",
					"@executable_path/Frameworks",
				);
				MARKETING_VERSION = 1.0;
				PRODUCT_BUNDLE_IDENTIFIER = creationrage.RandomQuotesAndImages;
				PRODUCT_NAME = "$(TARGET_NAME)";
				SWIFT_EMIT_LOC_STRINGS = YES;
				SWIFT_VERSION = 5.0;
				TARGETED_DEVICE_FAMILY = "1,2";
			};
			name = Release;
		};
		2CEA0E73278E1ED0001B7C31 /* Debug */ = {
			isa = XCBuildConfiguration;
			buildSettings = {
				ALWAYS_EMBED_SWIFT_STANDARD_LIBRARIES = YES;
				BUNDLE_LOADER = "$(TEST_HOST)";
				CODE_SIGN_STYLE = Automatic;
				CURRENT_PROJECT_VERSION = 1;
				DEVELOPMENT_TEAM = SZEYA5PL8C;
				GENERATE_INFOPLIST_FILE = YES;
				IPHONEOS_DEPLOYMENT_TARGET = 15.2;
				MARKETING_VERSION = 1.0;
				PRODUCT_BUNDLE_IDENTIFIER = creationrage.RandomQuotesAndImagesTests;
				PRODUCT_NAME = "$(TARGET_NAME)";
				SWIFT_EMIT_LOC_STRINGS = NO;
				SWIFT_VERSION = 5.0;
				TARGETED_DEVICE_FAMILY = "1,2";
				TEST_HOST = "$(BUILT_PRODUCTS_DIR)/RandomQuotesAndImages.app/RandomQuotesAndImages";
			};
			name = Debug;
		};
		2CEA0E74278E1ED0001B7C31 /* Release */ = {
			isa = XCBuildConfiguration;
			buildSettings = {
				ALWAYS_EMBED_SWIFT_STANDARD_LIBRARIES = YES;
				BUNDLE_LOADER = "$(TEST_HOST)";
				CODE_SIGN_STYLE = Automatic;
				CURRENT_PROJECT_VERSION = 1;
				DEVELOPMENT_TEAM = SZEYA5PL8C;
				GENERATE_INFOPLIST_FILE = YES;
				IPHONEOS_DEPLOYMENT_TARGET = 15.2;
				MARKETING_VERSION = 1.0;
				PRODUCT_BUNDLE_IDENTIFIER = creationrage.RandomQuotesAndImagesTests;
				PRODUCT_NAME = "$(TARGET_NAME)";
				SWIFT_EMIT_LOC_STRINGS = NO;
				SWIFT_VERSION = 5.0;
				TARGETED_DEVICE_FAMILY = "1,2";
				TEST_HOST = "$(BUILT_PRODUCTS_DIR)/RandomQuotesAndImages.app/RandomQuotesAndImages";
			};
			name = Release;
		};
		2CEA0E76278E1ED0001B7C31 /* Debug */ = {
			isa = XCBuildConfiguration;
			buildSettings = {
				ALWAYS_EMBED_SWIFT_STANDARD_LIBRARIES = YES;
				CODE_SIGN_STYLE = Automatic;
				CURRENT_PROJECT_VERSION = 1;
				DEVELOPMENT_TEAM = SZEYA5PL8C;
				GENERATE_INFOPLIST_FILE = YES;
				MARKETING_VERSION = 1.0;
				PRODUCT_BUNDLE_IDENTIFIER = creationrage.RandomQuotesAndImagesUITests;
				PRODUCT_NAME = "$(TARGET_NAME)";
				SWIFT_EMIT_LOC_STRINGS = NO;
				SWIFT_VERSION = 5.0;
				TARGETED_DEVICE_FAMILY = "1,2";
				TEST_TARGET_NAME = RandomQuotesAndImages;
			};
			name = Debug;
		};
		2CEA0E77278E1ED0001B7C31 /* Release */ = {
			isa = XCBuildConfiguration;
			buildSettings = {
				ALWAYS_EMBED_SWIFT_STANDARD_LIBRARIES = YES;
				CODE_SIGN_STYLE = Automatic;
				CURRENT_PROJECT_VERSION = 1;
				DEVELOPMENT_TEAM = SZEYA5PL8C;
				GENERATE_INFOPLIST_FILE = YES;
				MARKETING_VERSION = 1.0;
				PRODUCT_BUNDLE_IDENTIFIER = creationrage.RandomQuotesAndImagesUITests;
				PRODUCT_NAME = "$(TARGET_NAME)";
				SWIFT_EMIT_LOC_STRINGS = NO;
				SWIFT_VERSION = 5.0;
				TARGETED_DEVICE_FAMILY = "1,2";
				TEST_TARGET_NAME = RandomQuotesAndImages;
			};
			name = Release;
		};
/* End XCBuildConfiguration section */

/* Begin XCConfigurationList section */
		2CEA0E46278E1EC5001B7C31 /* Build configuration list for PBXProject "RandomQuotesAndImages" */ = {
			isa = XCConfigurationList;
			buildConfigurations = (
				2CEA0E6D278E1ED0001B7C31 /* Debug */,
				2CEA0E6E278E1ED0001B7C31 /* Release */,
			);
			defaultConfigurationIsVisible = 0;
			defaultConfigurationName = Release;
		};
		2CEA0E6F278E1ED0001B7C31 /* Build configuration list for PBXNativeTarget "RandomQuotesAndImages" */ = {
			isa = XCConfigurationList;
			buildConfigurations = (
				2CEA0E70278E1ED0001B7C31 /* Debug */,
				2CEA0E71278E1ED0001B7C31 /* Release */,
			);
			defaultConfigurationIsVisible = 0;
			defaultConfigurationName = Release;
		};
		2CEA0E72278E1ED0001B7C31 /* Build configuration list for PBXNativeTarget "RandomQuotesAndImagesTests" */ = {
			isa = XCConfigurationList;
			buildConfigurations = (
				2CEA0E73278E1ED0001B7C31 /* Debug */,
				2CEA0E74278E1ED0001B7C31 /* Release */,
			);
			defaultConfigurationIsVisible = 0;
			defaultConfigurationName = Release;
		};
		2CEA0E75278E1ED0001B7C31 /* Build configuration list for PBXNativeTarget "RandomQuotesAndImagesUITests" */ = {
			isa = XCConfigurationList;
			buildConfigurations = (
				2CEA0E76278E1ED0001B7C31 /* Debug */,
				2CEA0E77278E1ED0001B7C31 /* Release */,
			);
			defaultConfigurationIsVisible = 0;
			defaultConfigurationName = Release;
		};
/* End XCConfigurationList section */
	};
	rootObject = 2CEA0E43278E1EC5001B7C31 /* Project object */;
}
